{
  "name": "@fakit/vue-image-observed",
  "version": "0.1.0",
  "lockfileVersion": 1,
  "requires": true,
  "dependencies": {
    "@fakit/vue-placeholder": {
      "version": "0.1.0",
      "resolved": "https://registry.npmjs.org/@fakit/vue-placeholder/-/vue-placeholder-0.1.0.tgz",
      "integrity": "sha512-ygbLO47DqzISQ6GRO9OF9tatPIWKbyYyKS5zneQyDjvit0f5mYRa6wlO1/BpbREeq5Z+1zbY6mOVfKaUFuyhJw==",
      "dev": true
    }
  }
}
